
Microsoft Visual Studio Solution File, Format Version 12.00
# Visual Studio Version 17
VisualStudioVersion = 17.0.32112.339
MinimumVisualStudioVersion = 10.0.40219.1
Project("{9A19103F-16F7-4668-BE54-9A1E7A4F7556}") = "webAPI", "webAPI\webAPI.csproj", "{9585A18B-22EC-40C2-B2C9-90C47D29D540}"
EndProject
Project("{9A19103F-16F7-4668-BE54-9A1E7A4F7556}") = "ONEAssetAPI", "ONEAssetAPI\ONEAssetAPI.csproj", "{0F67499C-C545-4707-BED2-354579C7C365}"
EndProject
Project("{FAE04EC0-301F-11D3-BF4B-00C04F79EFBC}") = "ONEDaraAPI", "ONEDaraAPI\ONEDaraAPI.csproj", "{4E924A0D-6F66-4EDF-AA68-25093FDC56F7}"
EndProject
Global
	GlobalSection(SolutionConfigurationPlatforms) = preSolution
		Debug|Any CPU = Debug|Any CPU
		Release|Any CPU = Release|Any CPU
	EndGlobalSection
	GlobalSection(ProjectConfigurationPlatforms) = postSolution
		{9585A18B-22EC-40C2-B2C9-90C47D29D540}.Debug|Any CPU.ActiveCfg = Debug|Any CPU
		{9585A18B-22EC-40C2-B2C9-90C47D29D540}.Debug|Any CPU.Build.0 = Debug|Any CPU
		{9585A18B-22EC-40C2-B2C9-90C47D29D540}.Release|Any CPU.ActiveCfg = Release|Any CPU
		{9585A18B-22EC-40C2-B2C9-90C47D29D540}.Release|Any CPU.Build.0 = Release|Any CPU
		{0F67499C-C545-4707-BED2-354579C7C365}.Debug|Any CPU.ActiveCfg = Debug|Any CPU
		{0F67499C-C545-4707-BED2-354579C7C365}.Debug|Any CPU.Build.0 = Debug|Any CPU
		{0F67499C-C545-4707-BED2-354579C7C365}.Release|Any CPU.ActiveCfg = Release|Any CPU
		{0F67499C-C545-4707-BED2-354579C7C365}.Release|Any CPU.Build.0 = Release|Any CPU
		{4E924A0D-6F66-4EDF-AA68-25093FDC56F7}.Debug|Any CPU.ActiveCfg = Debug|Any CPU
		{4E924A0D-6F66-4EDF-AA68-25093FDC56F7}.Debug|Any CPU.Build.0 = Debug|Any CPU
		{4E924A0D-6F66-4EDF-AA68-25093FDC56F7}.Release|Any CPU.ActiveCfg = Release|Any CPU
		{4E924A0D-6F66-4EDF-AA68-25093FDC56F7}.Release|Any CPU.Build.0 = Release|Any CPU
	EndGlobalSection
	GlobalSection(SolutionProperties) = preSolution
		HideSolutionNode = FALSE
	EndGlobalSection
	GlobalSection(ExtensibilityGlobals) = postSolution
		SolutionGuid = {65E7022D-3C79-4388-88D6-427C3B09291A}
	EndGlobalSection
EndGlobal
